
Microsoft Visual Studio Solution File, Format Version 12.00
# Visual Studio Version 17
VisualStudioVersion = 17.4.33122.133
MinimumVisualStudioVersion = 10.0.40219.1
Project("{FAE04EC0-301F-11D3-BF4B-00C04F79EFBC}") = "HelloWorld", "HelloWorld\HelloWorld.csproj", "{060EC0D2-A5C7-418C-854D-1D1C61AE5218}"
EndProject
Global
	GlobalSection(SolutionConfigurationPlatforms) = preSolution
		Debug|Any CPU = Debug|Any CPU
		Release|Any CPU = Release|Any CPU
	EndGlobalSection
	GlobalSection(ProjectConfigurationPlatforms) = postSolution
		{060EC0D2-A5C7-418C-854D-1D1C61AE5218}.Debug|Any CPU.ActiveCfg = Debug|Any CPU
		{060EC0D2-A5C7-418C-854D-1D1C61AE5218}.Debug|Any CPU.Build.0 = Debug|Any CPU
		{060EC0D2-A5C7-418C-854D-1D1C61AE5218}.Release|Any CPU.ActiveCfg = Release|Any CPU
		{060EC0D2-A5C7-418C-854D-1D1C61AE5218}.Release|Any CPU.Build.0 = Release|Any CPU
	EndGlobalSection
	GlobalSection(SolutionProperties) = preSolution
		HideSolutionNode = FALSE
	EndGlobalSection
	GlobalSection(ExtensibilityGlobals) = postSolution
		SolutionGuid = {2DA1279C-473D-44CE-8350-DD408ED4D917}
	EndGlobalSection
EndGlobal
